{
  "version": 4,
  "terraform_version": "1.10.5",
  "serial": 19,
  "lineage": "50e4212d-78eb-b560-5434-de89ea957154",
  "outputs": {},
  "resources": [
    {
      "mode": "managed",
      "type": "helm_release",
      "name": "argocd",
      "provider": "provider[\"registry.terraform.io/hashicorp/helm\"]",
      "instances": [
        {
          "status": "tainted",
          "schema_version": 1,
          "attributes": {
            "atomic": false,
            "chart": "argo-cd",
            "cleanup_on_fail": false,
            "create_namespace": true,
            "dependency_update": false,
            "description": null,
            "devel": null,
            "disable_crd_hooks": false,
            "disable_openapi_validation": false,
            "disable_webhooks": false,
            "force_update": false,
            "id": "argocd",
            "keyring": null,
            "lint": false,
            "manifest": null,
            "max_history": 0,
            "metadata": [
              {
                "app_version": "v2.10.6",
                "chart": "argo-cd",
                "name": "argocd",
                "namespace": "argocd",
                "revision": 1,
                "values": "{\"applicationSet\":{\"enabled\":true},\"configs\":{\"repositories\":{\"server\":{\"password\":\"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\",\"type\":\"git\",\"url\":\"https://github.com/mcconnellj/server\",\"username\":\"josh.v.mcconnell@gmail.com\"}},\"secret\":{\"argocdServerAdminPassword\":\"h3ll0world\"}},\"global\":{\"image\":{\"tag\":\"v2.6.6\"}},\"redis\":{\"exporter\":{\"enabled\":true}},\"server\":{\"extraArgs\":[\"--insecure\",\"--create-namespace\"],\"livenessProbe\":{\"enabled\":true},\"metrics\":{\"enabled\":true},\"readinessProbe\":{\"enabled\":true}}}",
                "version": "6.7.11"
              }
            ],
            "name": "argocd",
            "namespace": "argocd",
            "pass_credentials": false,
            "postrender": [],
            "recreate_pods": false,
            "render_subchart_notes": true,
            "replace": false,
            "repository": "https://argoproj.github.io/argo-helm",
            "repository_ca_file": null,
            "repository_cert_file": null,
            "repository_key_file": null,
            "repository_password": null,
            "repository_username": null,
            "reset_values": false,
            "reuse_values": false,
            "set": [],
            "set_list": [],
            "set_sensitive": [],
            "skip_crds": false,
            "status": "failed",
            "timeout": 300,
            "values": [
              "global:\n  image:\n    tag: \"v2.6.6\"\n\nserver:\n  extraArgs:\n  - --insecure\n  - --create-namespace\n  livenessProbe:\n    enabled: true\n  readinessProbe:\n    enabled: true\n  metrics:\n    enabled: true\n\nredis:\n  exporter:\n    enabled: true\n\napplicationSet:\n  enabled: true\n\nconfigs:\n  secret:\n    argocdServerAdminPassword: \"h3ll0world\" # real password is here\n  repositories:\n    server:\n      url: https://github.com/mcconnellj/server\n      type: git\n      password: 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\n      username: josh.v.mcconnell@gmail.com"
            ],
            "verify": false,
            "version": "6.7.11",
            "wait": true,
            "wait_for_jobs": false
          },
          "sensitive_attributes": [
            [
              {
                "type": "get_attr",
                "value": "repository_password"
              }
            ]
          ],
          "private": "eyJzY2hlbWFfdmVyc2lvbiI6IjEifQ=="
        }
      ]
    }
  ],
  "check_results": null
}
